github.com/davecgh/go-spew v1.1.1 h1:vj9j/u1bqnvCEfJOwUhtlOARqs3+rkHYY13jYWTU97c=
github.com/pmezard/go-difflib v1.0.0 h1:4DBwDE0NGyQoBHbLQYPwSUPoCMWR5BEzIk/f1lZbAQM=
github.com/samber/go-psi v1.0.1 h1:V3bQCFS9MwQ44RMTofggf6qExK99knvTvJvVmBpzKGQ=
github.com/samber/go-psi v1.0.1/go.mod h1:509h9II65F9FTtdjM9WxcA1TG3LgkC7Uo4w5kezwG8k=
github.com/samber/lo v1.47.0 h1:z7RynLwP5nbyRscyvcD043DWYoOcYRv3mV8lBeqOCLc=
github.com/samber/lo v1.47.0/go.mod h1:RmDH9Ct32Qy3gduHQuKJ3gW1fMHAnE/fAzQuf6He5cU=
github.com/stretchr/testify v1.8.1 h1:w7B6lhMri9wdJUVmEZPGGhZzrYTPvgJArz7wNPgYKsk=
go.uber.org/goleak v1.2.1 h1:NBol2c7O1ZokfZ0LEU9K6Whx/KnwvepVetCUhtKja4A=
golang.org/x/exp v0.0.0-20220303212507-bbda1eaf7a17 h1:3MTrJm4PyNL9NBqvYDSj3DHl46qQakyfqfWo4jgfaEM=
golang.org/x/exp v0.0.0-20220303212507-bbda1eaf7a17/go.mod h1:lgLbSvA5ygNOMpwM/9anMpWVlVJ7Z+cHWq/eFuinpGE=
golang.org/x/text v0.16.0 h1:a94ExnEXNtEwYLGJSIUxnWoxoRz/ZcCsV63ROupILh4=
golang.org/x/text v0.16.0/go.mod h1:GhwF1Be+LQoKShO3cGOHzqOgRrGaYc9AvblQOmPVHnI=
gopkg.in/yaml.v3 v3.0.1 h1:fxVm/GzAzEWqLHuvctI91KS9hhNmmWOoWu0XTYJS7CA=
